
Microsoft Visual Studio Solution File, Format Version 11.00
# Visual Basic Express 2010
Project("{F184B08F-C81C-45F6-A57F-5ABD9991F28F}") = "Rock-Paper-Scissors", "Rock-Paper-Scissors\Rock-Paper-Scissors.vbproj", "{53495658-9D66-49BC-A7C3-22BD0E2B2847}"
EndProject
Global
	GlobalSection(SolutionConfigurationPlatforms) = preSolution
		Debug|x86 = Debug|x86
		Release|x86 = Release|x86
	EndGlobalSection
	GlobalSection(ProjectConfigurationPlatforms) = postSolution
		{53495658-9D66-49BC-A7C3-22BD0E2B2847}.Debug|x86.ActiveCfg = Debug|x86
		{53495658-9D66-49BC-A7C3-22BD0E2B2847}.Debug|x86.Build.0 = Debug|x86
		{53495658-9D66-49BC-A7C3-22BD0E2B2847}.Release|x86.ActiveCfg = Release|x86
		{53495658-9D66-49BC-A7C3-22BD0E2B2847}.Release|x86.Build.0 = Release|x86
	EndGlobalSection
	GlobalSection(SolutionProperties) = preSolution
		HideSolutionNode = FALSE
	EndGlobalSection
EndGlobal
